
Microsoft Visual Studio Solution File, Format Version 12.00
# Visual Studio Version 17
VisualStudioVersion = 17.10.34916.146
MinimumVisualStudioVersion = 10.0.40219.1
Project("{9A19103F-16F7-4668-BE54-9A1E7A4F7556}") = "ddwin", "ddwin\ddwin.csproj", "{CC63730A-BEE4-4E6B-8149-2E0055115022}"
EndProject
Global
	GlobalSection(SolutionConfigurationPlatforms) = preSolution
		Debug|Any CPU = Debug|Any CPU
		Release|Any CPU = Release|Any CPU
	EndGlobalSection
	GlobalSection(ProjectConfigurationPlatforms) = postSolution
		{CC63730A-BEE4-4E6B-8149-2E0055115022}.Debug|Any CPU.ActiveCfg = Debug|Any CPU
		{CC63730A-BEE4-4E6B-8149-2E0055115022}.Debug|Any CPU.Build.0 = Debug|Any CPU
		{CC63730A-BEE4-4E6B-8149-2E0055115022}.Release|Any CPU.ActiveCfg = Release|Any CPU
		{CC63730A-BEE4-4E6B-8149-2E0055115022}.Release|Any CPU.Build.0 = Release|Any CPU
	EndGlobalSection
	GlobalSection(SolutionProperties) = preSolution
		HideSolutionNode = FALSE
	EndGlobalSection
	GlobalSection(ExtensibilityGlobals) = postSolution
		SolutionGuid = {83BDBF8E-8F6C-4F33-AD6D-70867B1D110F}
	EndGlobalSection
EndGlobal
